
Microsoft Visual Studio Solution File, Format Version 12.00
# Visual Studio Version 17
VisualStudioVersion = 17.7.34031.279
MinimumVisualStudioVersion = 10.0.40219.1
Project("{9A19103F-16F7-4668-BE54-9A1E7A4F7556}") = "SchoolManagement.Models", "SchoolManagement.Models\SchoolManagement.Models.csproj", "{0F37903B-913C-4B9D-8280-0D995A84287B}"
EndProject
Project("{9A19103F-16F7-4668-BE54-9A1E7A4F7556}") = "SchoolManagement.Data", "SchoolManagement.Data\SchoolManagement.Data.csproj", "{55A14363-09E9-472C-82ED-0EEC20AA936E}"
EndProject
Project("{9A19103F-16F7-4668-BE54-9A1E7A4F7556}") = "SchoolManagement.Business", "SchoolManagement.Business\SchoolManagement.Business.csproj", "{0D5F5DAC-5B7D-4058-9B17-DB0A892E2276}"
EndProject
Project("{FAE04EC0-301F-11D3-BF4B-00C04F79EFBC}") = "SchoolManagement.WebAPI", "SchoolManagement.WebAPI\SchoolManagement.WebAPI.csproj", "{82F5E6B1-19F3-464D-9D51-6C8394B315BC}"
EndProject
Global
	GlobalSection(SolutionConfigurationPlatforms) = preSolution
		Debug|Any CPU = Debug|Any CPU
		Release|Any CPU = Release|Any CPU
	EndGlobalSection
	GlobalSection(ProjectConfigurationPlatforms) = postSolution
		{0F37903B-913C-4B9D-8280-0D995A84287B}.Debug|Any CPU.ActiveCfg = Debug|Any CPU
		{0F37903B-913C-4B9D-8280-0D995A84287B}.Debug|Any CPU.Build.0 = Debug|Any CPU
		{0F37903B-913C-4B9D-8280-0D995A84287B}.Release|Any CPU.ActiveCfg = Release|Any CPU
		{0F37903B-913C-4B9D-8280-0D995A84287B}.Release|Any CPU.Build.0 = Release|Any CPU
		{55A14363-09E9-472C-82ED-0EEC20AA936E}.Debug|Any CPU.ActiveCfg = Debug|Any CPU
		{55A14363-09E9-472C-82ED-0EEC20AA936E}.Debug|Any CPU.Build.0 = Debug|Any CPU
		{55A14363-09E9-472C-82ED-0EEC20AA936E}.Release|Any CPU.ActiveCfg = Release|Any CPU
		{55A14363-09E9-472C-82ED-0EEC20AA936E}.Release|Any CPU.Build.0 = Release|Any CPU
		{0D5F5DAC-5B7D-4058-9B17-DB0A892E2276}.Debug|Any CPU.ActiveCfg = Debug|Any CPU
		{0D5F5DAC-5B7D-4058-9B17-DB0A892E2276}.Debug|Any CPU.Build.0 = Debug|Any CPU
		{0D5F5DAC-5B7D-4058-9B17-DB0A892E2276}.Release|Any CPU.ActiveCfg = Release|Any CPU
		{0D5F5DAC-5B7D-4058-9B17-DB0A892E2276}.Release|Any CPU.Build.0 = Release|Any CPU
		{82F5E6B1-19F3-464D-9D51-6C8394B315BC}.Debug|Any CPU.ActiveCfg = Debug|Any CPU
		{82F5E6B1-19F3-464D-9D51-6C8394B315BC}.Debug|Any CPU.Build.0 = Debug|Any CPU
		{82F5E6B1-19F3-464D-9D51-6C8394B315BC}.Release|Any CPU.ActiveCfg = Release|Any CPU
		{82F5E6B1-19F3-464D-9D51-6C8394B315BC}.Release|Any CPU.Build.0 = Release|Any CPU
	EndGlobalSection
	GlobalSection(SolutionProperties) = preSolution
		HideSolutionNode = FALSE
	EndGlobalSection
	GlobalSection(ExtensibilityGlobals) = postSolution
		SolutionGuid = {DFAB0FB4-B33B-4BD5-911F-AE66FB3D10F3}
	EndGlobalSection
EndGlobal
